// !$*UTF8*$!
{
	archiveVersion = 1;
	classes = {
	};
	objectVersion = 46;
	objects = {

/* Begin PBXBuildFile section */
		F2C63FF11C36CD3200598E3C /* AppDelegate.swift in Sources */ = {isa = PBXBuildFile; fileRef = F2C63FF01C36CD3200598E3C /* AppDelegate.swift */; };
		F2C63FF31C36CD3200598E3C /* ViewController.swift in Sources */ = {isa = PBXBuildFile; fileRef = F2C63FF21C36CD3200598E3C /* ViewController.swift */; };
		F2C63FF61C36CD3200598E3C /* Main.storyboard in Resources */ = {isa = PBXBuildFile; fileRef = F2C63FF41C36CD3200598E3C /* Main.storyboard */; };
		F2C63FF81C36CD3200598E3C /* Assets.xcassets in Resources */ = {isa = PBXBuildFile; fileRef = F2C63FF71C36CD3200598E3C /* Assets.xcassets */; };
		F2C63FFB1C36CD3200598E3C /* LaunchScreen.storyboard in Resources */ = {isa = PBXBuildFile; fileRef = F2C63FF91C36CD3200598E3C /* LaunchScreen.storyboard */; };
/* End PBXBuildFile section */

/* Begin PBXFileReference section */
		F2C63FED1C36CD3200598E3C /* AllKindsOfGains.app */ = {isa = PBXFileReference; explicitFileType = wrapper.application; includeInIndex = 0; path = AllKindsOfGains.app; sourceTree = BUILT_PRODUCTS_DIR; };
		F2C63FF01C36CD3200598E3C /* AppDelegate.swift */ = {isa = PBXFileReference; lastKnownFileType = sourcecode.swift; path = AppDelegate.swift; sourceTree = "<group>"; };
		F2C63FF21C36CD3200598E3C /* ViewController.swift */ = {isa = PBXFileReference; lastKnownFileType = sourcecode.swift; path = ViewController.swift; sourceTree = "<group>"; };
		F2C63FF51C36CD3200598E3C /* Base */ = {isa = PBXFileReference; lastKnownFileType = file.storyboard; name = Base; path = Base.lproj/Main.storyboard; sourceTree = "<group>"; };
		F2C63FF71C36CD3200598E3C /* Assets.xcassets */ = {isa = PBXFileReference; lastKnownFileType = folder.assetcatalog; path = Assets.xcassets; sourceTree = "<group>"; };
		F2C63FFA1C36CD3200598E3C /* Base */ = {isa = PBXFileReference; lastKnownFileType = file.storyboard; name = Base; path = Base.lproj/LaunchScreen.storyboard; sourceTree = "<group>"; };
		F2C63FFC1C36CD3200598E3C /* Info.plist */ = {isa = PBXFileReference; lastKnownFileType = text.plist.xml; path = Info.plist; sourceTree = "<group>"; };
/* End PBXFileReference section */

/* Begin PBXFrameworksBuildPhase section */
		F2C63FEA1C36CD3200598E3C /* Frameworks */ = {
			isa = PBXFrameworksBuildPhase;
			buildActionMask = 2147483647;
			files = (
			);
			runOnlyForDeploymentPostprocessing = 0;
		};
/* End PBXFrameworksBuildPhase section */

/* Begin PBXGroup section */
		F2C63FE41C36CD3200598E3C = {
			isa = PBXGroup;
			children = (
				F2C63FEF1C36CD3200598E3C /* AllKindsOfGains */,
				F2C63FEE1C36CD3200598E3C /* Products */,
			);
			sourceTree = "<group>";
		};
		F2C63FEE1C36CD3200598E3C /* Products */ = {
			isa = PBXGroup;
			children = (
				F2C63FED1C36CD3200598E3C /* AllKindsOfGains.app */,
			);
			name = Products;
			sourceTree = "<group>";
		};
		F2C63FEF1C36CD3200598E3C /* AllKindsOfGains */ = {
			isa = PBXGroup;
			children = (
				F2C63FF01C36CD3200598E3C /* AppDelegate.swift */,
				F2C63FF21C36CD3200598E3C /* ViewController.swift */,
				F2C63FF41C36CD3200598E3C /* Main.storyboard */,
				F2C63FF71C36CD3200598E3C /* Assets.xcassets */,
				F2C63FF91C36CD3200598E3C /* LaunchScreen.storyboard */,
				F2C63FFC1C36CD3200598E3C /* Info.plist */,
			);
			path = AllKindsOfGains;
			sourceTree = "<group>";
		};
/* End PBXGroup section */

/* Begin PBXNativeTarget section */
		F2C63FEC1C36CD3200598E3C /* AllKindsOfGains */ = {
			isa = PBXNativeTarget;
			buildConfigurationList = F2C63FFF1C36CD3200598E3C /* Build configuration list for PBXNativeTarget "AllKindsOfGains" */;
			buildPhases = (
				F2C63FE91C36CD3200598E3C /* Sources */,
				F2C63FEA1C36CD3200598E3C /* Frameworks */,
				F2C63FEB1C36CD3200598E3C /* Resources */,
			);
			buildRules = (
			);
			dependencies = (
			);
			name = AllKindsOfGains;
			productName = AllKindsOfGains;
			productReference = F2C63FED1C36CD3200598E3C /* AllKindsOfGains.app */;
			productType = "com.apple.product-type.application";
		};
/* End PBXNativeTarget section */

/* Begin PBXProject section */
		F2C63FE51C36CD3200598E3C /* Project object */ = {
			isa = PBXProject;
			attributes = {
				LastSwiftUpdateCheck = 0720;
				LastUpgradeCheck = 0720;
				ORGANIZATIONNAME = anojenj;
				TargetAttributes = {
					F2C63FEC1C36CD3200598E3C = {
						CreatedOnToolsVersion = 7.2;
						DevelopmentTeam = 7CRR97A872;
					};
				};
			};
			buildConfigurationList = F2C63FE81C36CD3200598E3C /* Build configuration list for PBXProject "AllKindsOfGains" */;
			compatibilityVersion = "Xcode 3.2";
			developmentRegion = English;
			hasScannedForEncodings = 0;
			knownRegions = (
				en,
				Base,
			);
			mainGroup = F2C63FE41C36CD3200598E3C;
			productRefGroup = F2C63FEE1C36CD3200598E3C /* Products */;
			projectDirPath = "";
			projectRoot = "";
			targets = (
				F2C63FEC1C36CD3200598E3C /* AllKindsOfGains */,
			);
		};
/* End PBXProject section */

/* Begin PBXResourcesBuildPhase section */
		F2C63FEB1C36CD3200598E3C /* Resources */ = {
			isa = PBXResourcesBuildPhase;
			buildActionMask = 2147483647;
			files = (
				F2C63FFB1C36CD3200598E3C /* LaunchScreen.storyboard in Resources */,
				F2C63FF81C36CD3200598E3C /* Assets.xcassets in Resources */,
				F2C63FF61C36CD3200598E3C /* Main.storyboard in Resources */,
			);
			runOnlyForDeploymentPostprocessing = 0;
		};
/* End PBXResourcesBuildPhase section */

/* Begin PBXSourcesBuildPhase section */
		F2C63FE91C36CD3200598E3C /* Sources */ = {
			isa = PBXSourcesBuildPhase;
			buildActionMask = 2147483647;
			files = (
				F2C63FF31C36CD3200598E3C /* ViewController.swift in Sources */,
				F2C63FF11C36CD3200598E3C /* AppDelegate.swift in Sources */,
			);
			runOnlyForDeploymentPostprocessing = 0;
		};
/* End PBXSourcesBuildPhase section */

/* Begin PBXVariantGroup section */
		F2C63FF41C36CD3200598E3C /* Main.storyboard */ = {
			isa = PBXVariantGroup;
			children = (
				F2C63FF51C36CD3200598E3C /* Base */,
			);
			name = Main.storyboard;
			sourceTree = "<group>";
		};
		F2C63FF91C36CD3200598E3C /* LaunchScreen.storyboard */ = {
			isa = PBXVariantGroup;
			children = (
				F2C63FFA1C36CD3200598E3C /* Base */,
			);
			name = LaunchScreen.storyboard;
			sourceTree = "<group>";
		};
/* End PBXVariantGroup section */

/* Begin XCBuildConfiguration section */
		F2C63FFD1C36CD3200598E3C /* Debug */ = {
			isa = XCBuildConfiguration;
			buildSettings = {
				ALWAYS_SEARCH_USER_PATHS = NO;
				CLANG_CXX_LANGUAGE_STANDARD = "gnu++0x";
				CLANG_CXX_LIBRARY = "libc++";
				CLANG_ENABLE_MODULES = YES;
				CLANG_ENABLE_OBJC_ARC = YES;
				CLANG_WARN_BOOL_CONVERSION = YES;
				CLANG_WARN_CONSTANT_CONVERSION = YES;
				CLANG_WARN_DIRECT_OBJC_ISA_USAGE = YES_ERROR;
				CLANG_WARN_EMPTY_BODY = YES;
				CLANG_WARN_ENUM_CONVERSION = YES;
				CLANG_WARN_INT_CONVERSION = YES;
				CLANG_WARN_OBJC_ROOT_CLASS = YES_ERROR;
				CLANG_WARN_UNREACHABLE_CODE = YES;
				CLANG_WARN__DUPLICATE_METHOD_MATCH = YES;
				"CODE_SIGN_IDENTITY[sdk=iphoneos*]" = "iPhone Developer";
				COPY_PHASE_STRIP = NO;
				DEBUG_INFORMATION_FORMAT = dwarf;
				ENABLE_STRICT_OBJC_MSGSEND = YES;
				ENABLE_TESTABILITY = YES;
				GCC_C_LANGUAGE_STANDARD = gnu99;
				GCC_DYNAMIC_NO_PIC = NO;
				GCC_NO_COMMON_BLOCKS = YES;
				GCC_OPTIMIZATION_LEVEL = 0;
				GCC_PREPROCESSOR_DEFINITIONS = (
					"DEBUG=1",
					"$(inherited)",
				);
				GCC_WARN_64_TO_32_BIT_CONVERSION = YES;
				GCC_WARN_ABOUT_RETURN_TYPE = YES_ERROR;
				GCC_WARN_UNDECLARED_SELECTOR = YES;
				GCC_WARN_UNINITIALIZED_AUTOS = YES_AGGRESSIVE;
				GCC_WARN_UNUSED_FUNCTION = YES;
				GCC_WARN_UNUSED_VARIABLE = YES;
				IPHONEOS_DEPLOYMENT_TARGET = 9.2;
				MTL_ENABLE_DEBUG_INFO = YES;
				ONLY_ACTIVE_ARCH = YES;
				SDKROOT = iphoneos;
				SWIFT_OPTIMIZATION_LEVEL = "-Onone";
			};
			name = Debug;
		};
		F2C63FFE1C36CD3200598E3C /* Release */ = {
			isa = XCBuildConfiguration;
			buildSettings = {
				ALWAYS_SEARCH_USER_PATHS = NO;
				CLANG_CXX_LANGUAGE_STANDARD = "gnu++0x";
				CLANG_CXX_LIBRARY = "libc++";
				CLANG_ENABLE_MODULES = YES;
				CLANG_ENABLE_OBJC_ARC = YES;
				CLANG_WARN_BOOL_CONVERSION = YES;
				CLANG_WARN_CONSTANT_CONVERSION = YES;
				CLANG_WARN_DIRECT_OBJC_ISA_USAGE = YES_ERROR;
				CLANG_WARN_EMPTY_BODY = YES;
				CLANG_WARN_ENUM_CONVERSION = YES;
				CLANG_WARN_INT_CONVERSION = YES;
				CLANG_WARN_OBJC_ROOT_CLASS = YES_ERROR;
				CLANG_WARN_UNREACHABLE_CODE = YES;
				CLANG_WARN__DUPLICATE_METHOD_MATCH = YES;
				"CODE_SIGN_IDENTITY[sdk=iphoneos*]" = "iPhone Developer";
				COPY_PHASE_STRIP = NO;
				DEBUG_INFORMATION_FORMAT = "dwarf-with-dsym";
				ENABLE_NS_ASSERTIONS = NO;
				ENABLE_STRICT_OBJC_MSGSEND = YES;
				GCC_C_LANGUAGE_STANDARD = gnu99;
				GCC_NO_COMMON_BLOCKS = YES;
				GCC_WARN_64_TO_32_BIT_CONVERSION = YES;
				GCC_WARN_ABOUT_RETURN_TYPE = YES_ERROR;
				GCC_WARN_UNDECLARED_SELECTOR = YES;
				GCC_WARN_UNINITIALIZED_AUTOS = YES_AGGRESSIVE;
				GCC_WARN_UNUSED_FUNCTION = YES;
				GCC_WARN_UNUSED_VARIABLE = YES;
				IPHONEOS_DEPLOYMENT_TARGET = 9.2;
				MTL_ENABLE_DEBUG_INFO = NO;
				SDKROOT = iphoneos;
				VALIDATE_PRODUCT = YES;
			};
			name = Release;
		};
		F2C640001C36CD3200598E3C /* Debug */ = {
			isa = XCBuildConfiguration;
			buildSettings = {
				ASSETCATALOG_COMPILER_APPICON_NAME = AppIcon;
				INFOPLIST_FILE = AllKindsOfGains/Info.plist;
				LD_RUNPATH_SEARCH_PATHS = "$(inherited) @executable_path/Frameworks";
				PRODUCT_BUNDLE_IDENTIFIER = com.anojenj.AllKindsOfGains;
				PRODUCT_NAME = "$(TARGET_NAME)";
			};
			name = Debug;
		};
		F2C640011C36CD3200598E3C /* Release */ = {
			isa = XCBuildConfiguration;
			buildSettings = {
				ASSETCATALOG_COMPILER_APPICON_NAME = AppIcon;
				INFOPLIST_FILE = AllKindsOfGains/Info.plist;
				LD_RUNPATH_SEARCH_PATHS = "$(inherited) @executable_path/Frameworks";
				PRODUCT_BUNDLE_IDENTIFIER = com.anojenj.AllKindsOfGains;
				PRODUCT_NAME = "$(TARGET_NAME)";
			};
			name = Release;
		};
/* End XCBuildConfiguration section */

/* Begin XCConfigurationList section */
		F2C63FE81C36CD3200598E3C /* Build configuration list for PBXProject "AllKindsOfGains" */ = {
			isa = XCConfigurationList;
			buildConfigurations = (
				F2C63FFD1C36CD3200598E3C /* Debug */,
				F2C63FFE1C36CD3200598E3C /* Release */,
			);
			defaultConfigurationIsVisible = 0;
			defaultConfigurationName = Release;
		};
		F2C63FFF1C36CD3200598E3C /* Build configuration list for PBXNativeTarget "AllKindsOfGains" */ = {
			isa = XCConfigurationList;
			buildConfigurations = (
				F2C640001C36CD3200598E3C /* Debug */,
				F2C640011C36CD3200598E3C /* Release */,
			);
			defaultConfigurationIsVisible = 0;
		};
/* End XCConfigurationList section */
	};
	rootObject = F2C63FE51C36CD3200598E3C /* Project object */;
}
